
Microsoft Visual Studio Solution File, Format Version 12.00
# Visual Studio 15
VisualStudioVersion = 15.0.27428.2037
MinimumVisualStudioVersion = 10.0.40219.1
Project("{FAE04EC0-301F-11D3-BF4B-00C04F79EFBC}") = "UMCMain", "UI_Main\UMCMain.csproj", "{7101845F-73AA-4559-9D5F-53751723BE2E}"
EndProject
Project("{FAE04EC0-301F-11D3-BF4B-00C04F79EFBC}") = "AppResource", "AppResource\AppResource.csproj", "{0AF6AFCC-0C57-4AE8-8B66-F1965399DC0C}"
EndProject
Project("{FAE04EC0-301F-11D3-BF4B-00C04F79EFBC}") = "AppResourceManager", "AppResourceManager\AppResourceManager.csproj", "{A250551E-8ED5-43AF-8567-9EE3D7FE4F13}"
EndProject
Project("{2150E333-8FDC-42A3-9474-1A3956D46DE8}") = "Base", "Base", "{05591039-0A6C-4B09-BBAA-F3762A59A24C}"
EndProject
Project("{2150E333-8FDC-42A3-9474-1A3956D46DE8}") = "Functions", "Functions", "{B65FE019-7736-4A56-B64E-93CB6681259B}"
EndProject
Project("{FAE04EC0-301F-11D3-BF4B-00C04F79EFBC}") = "UMCSearch", "UMCSearch\UMCSearch.csproj", "{D85646FC-734A-4045-BD9E-190A9CDEE02B}"
EndProject
Project("{FAE04EC0-301F-11D3-BF4B-00C04F79EFBC}") = "AppModel", "AppModel\AppModel.csproj", "{86D86D09-5208-4540-B4A6-27E2531CA85A}"
EndProject
Project("{FAE04EC0-301F-11D3-BF4B-00C04F79EFBC}") = "AppCommon", "AppCommon\AppCommon.csproj", "{5DB78C91-ECCB-41D7-B270-3A7F2FBFB712}"
EndProject
Project("{2150E333-8FDC-42A3-9474-1A3956D46DE8}") = "Test", "Test", "{3612E19D-0CE7-4799-936F-1C0D4BD966FB}"
EndProject
Project("{FAE04EC0-301F-11D3-BF4B-00C04F79EFBC}") = "DevelopTest", "DevelopTest\DevelopTest.csproj", "{48C71B3D-7ACF-4ABF-A063-6409227CDA7F}"
EndProject
Project("{FAE04EC0-301F-11D3-BF4B-00C04F79EFBC}") = "UMCMusic", "UMCMusic\UMCMusic.csproj", "{7E8A9C3B-9A2D-448A-A487-452FBE477CF9}"
EndProject
Project("{FAE04EC0-301F-11D3-BF4B-00C04F79EFBC}") = "DownloadTest", "DownloadTest\DownloadTest.csproj", "{A037AC70-7608-48B8-9A34-2A1645031ADA}"
EndProject
Global
	GlobalSection(SolutionConfigurationPlatforms) = preSolution
		Debug|Any CPU = Debug|Any CPU
		Release|Any CPU = Release|Any CPU
	EndGlobalSection
	GlobalSection(ProjectConfigurationPlatforms) = postSolution
		{7101845F-73AA-4559-9D5F-53751723BE2E}.Debug|Any CPU.ActiveCfg = Debug|Any CPU
		{7101845F-73AA-4559-9D5F-53751723BE2E}.Debug|Any CPU.Build.0 = Debug|Any CPU
		{7101845F-73AA-4559-9D5F-53751723BE2E}.Release|Any CPU.ActiveCfg = Release|Any CPU
		{7101845F-73AA-4559-9D5F-53751723BE2E}.Release|Any CPU.Build.0 = Release|Any CPU
		{0AF6AFCC-0C57-4AE8-8B66-F1965399DC0C}.Debug|Any CPU.ActiveCfg = Debug|Any CPU
		{0AF6AFCC-0C57-4AE8-8B66-F1965399DC0C}.Debug|Any CPU.Build.0 = Debug|Any CPU
		{0AF6AFCC-0C57-4AE8-8B66-F1965399DC0C}.Release|Any CPU.ActiveCfg = Release|Any CPU
		{0AF6AFCC-0C57-4AE8-8B66-F1965399DC0C}.Release|Any CPU.Build.0 = Release|Any CPU
		{A250551E-8ED5-43AF-8567-9EE3D7FE4F13}.Debug|Any CPU.ActiveCfg = Debug|Any CPU
		{A250551E-8ED5-43AF-8567-9EE3D7FE4F13}.Debug|Any CPU.Build.0 = Debug|Any CPU
		{A250551E-8ED5-43AF-8567-9EE3D7FE4F13}.Release|Any CPU.ActiveCfg = Release|Any CPU
		{A250551E-8ED5-43AF-8567-9EE3D7FE4F13}.Release|Any CPU.Build.0 = Release|Any CPU
		{D85646FC-734A-4045-BD9E-190A9CDEE02B}.Debug|Any CPU.ActiveCfg = Debug|Any CPU
		{D85646FC-734A-4045-BD9E-190A9CDEE02B}.Debug|Any CPU.Build.0 = Debug|Any CPU
		{D85646FC-734A-4045-BD9E-190A9CDEE02B}.Release|Any CPU.ActiveCfg = Release|Any CPU
		{D85646FC-734A-4045-BD9E-190A9CDEE02B}.Release|Any CPU.Build.0 = Release|Any CPU
		{86D86D09-5208-4540-B4A6-27E2531CA85A}.Debug|Any CPU.ActiveCfg = Debug|Any CPU
		{86D86D09-5208-4540-B4A6-27E2531CA85A}.Debug|Any CPU.Build.0 = Debug|Any CPU
		{86D86D09-5208-4540-B4A6-27E2531CA85A}.Release|Any CPU.ActiveCfg = Release|Any CPU
		{86D86D09-5208-4540-B4A6-27E2531CA85A}.Release|Any CPU.Build.0 = Release|Any CPU
		{5DB78C91-ECCB-41D7-B270-3A7F2FBFB712}.Debug|Any CPU.ActiveCfg = Debug|Any CPU
		{5DB78C91-ECCB-41D7-B270-3A7F2FBFB712}.Debug|Any CPU.Build.0 = Debug|Any CPU
		{5DB78C91-ECCB-41D7-B270-3A7F2FBFB712}.Release|Any CPU.ActiveCfg = Release|Any CPU
		{5DB78C91-ECCB-41D7-B270-3A7F2FBFB712}.Release|Any CPU.Build.0 = Release|Any CPU
		{48C71B3D-7ACF-4ABF-A063-6409227CDA7F}.Debug|Any CPU.ActiveCfg = Debug|Any CPU
		{48C71B3D-7ACF-4ABF-A063-6409227CDA7F}.Debug|Any CPU.Build.0 = Debug|Any CPU
		{48C71B3D-7ACF-4ABF-A063-6409227CDA7F}.Release|Any CPU.ActiveCfg = Release|Any CPU
		{48C71B3D-7ACF-4ABF-A063-6409227CDA7F}.Release|Any CPU.Build.0 = Release|Any CPU
		{7E8A9C3B-9A2D-448A-A487-452FBE477CF9}.Debug|Any CPU.ActiveCfg = Debug|Any CPU
		{7E8A9C3B-9A2D-448A-A487-452FBE477CF9}.Debug|Any CPU.Build.0 = Debug|Any CPU
		{7E8A9C3B-9A2D-448A-A487-452FBE477CF9}.Release|Any CPU.ActiveCfg = Release|Any CPU
		{7E8A9C3B-9A2D-448A-A487-452FBE477CF9}.Release|Any CPU.Build.0 = Release|Any CPU
		{A037AC70-7608-48B8-9A34-2A1645031ADA}.Debug|Any CPU.ActiveCfg = Debug|Any CPU
		{A037AC70-7608-48B8-9A34-2A1645031ADA}.Debug|Any CPU.Build.0 = Debug|Any CPU
		{A037AC70-7608-48B8-9A34-2A1645031ADA}.Release|Any CPU.ActiveCfg = Release|Any CPU
		{A037AC70-7608-48B8-9A34-2A1645031ADA}.Release|Any CPU.Build.0 = Release|Any CPU
	EndGlobalSection
	GlobalSection(SolutionProperties) = preSolution
		HideSolutionNode = FALSE
	EndGlobalSection
	GlobalSection(NestedProjects) = preSolution
		{7101845F-73AA-4559-9D5F-53751723BE2E} = {B65FE019-7736-4A56-B64E-93CB6681259B}
		{0AF6AFCC-0C57-4AE8-8B66-F1965399DC0C} = {05591039-0A6C-4B09-BBAA-F3762A59A24C}
		{A250551E-8ED5-43AF-8567-9EE3D7FE4F13} = {05591039-0A6C-4B09-BBAA-F3762A59A24C}
		{D85646FC-734A-4045-BD9E-190A9CDEE02B} = {B65FE019-7736-4A56-B64E-93CB6681259B}
		{86D86D09-5208-4540-B4A6-27E2531CA85A} = {05591039-0A6C-4B09-BBAA-F3762A59A24C}
		{5DB78C91-ECCB-41D7-B270-3A7F2FBFB712} = {05591039-0A6C-4B09-BBAA-F3762A59A24C}
		{48C71B3D-7ACF-4ABF-A063-6409227CDA7F} = {3612E19D-0CE7-4799-936F-1C0D4BD966FB}
		{7E8A9C3B-9A2D-448A-A487-452FBE477CF9} = {B65FE019-7736-4A56-B64E-93CB6681259B}
		{A037AC70-7608-48B8-9A34-2A1645031ADA} = {3612E19D-0CE7-4799-936F-1C0D4BD966FB}
	EndGlobalSection
	GlobalSection(ExtensibilityGlobals) = postSolution
		SolutionGuid = {8D6C71F3-B004-47C0-B44D-51EADEA1354D}
	EndGlobalSection
EndGlobal
